{
  "requires": true,
  "lockfileVersion": 1,
  "dependencies": {
    "dotenv": {
      "version": "5.0.1",
      "resolved": "https://registry.npmjs.org/dotenv/-/dotenv-5.0.1.tgz",
      "integrity": "sha512-4As8uPrjfwb7VXC+WnLCbXK7y+Ueb2B3zgNCePYfhxS1PYeaO1YTeplffTEcbfLhvFNGLAz90VvJs9yomG7bow=="
    },
    "dotenv-webpack": {
      "version": "1.5.7",
      "resolved": "https://registry.npmjs.org/dotenv-webpack/-/dotenv-webpack-1.5.7.tgz",
      "integrity": "sha1-xEOVqyHR/SjXmpCUKnsUsd69FF8=",
      "requires": {
        "dotenv": "^5.0.1"
      }
    }
  }
}
